github.com/wzshiming/fork v0.0.0-20180917092444-5249777cada8 h1:ilZeDkslTkN2esOBIFh5GiHiSid1mv8V9h9wQyJVTL8=
github.com/wzshiming/fork v0.0.0-20180917092444-5249777cada8/go.mod h1:QKfsDm7LcYzRzNJjHLyy7Seir7QlLl0VZ2jqZcKtQak=
github.com/wzshiming/llrb v1.0.1 h1:nTvdOpceAZkSyufIUq81flNDa9Vyqfb27/lN2OeOmSM=
github.com/wzshiming/llrb v1.0.1/go.mod h1:BzzYySva0xoyBoMWvgZ5SHQWVSRv72/kPt88u/2InZI=
